<?xml version="1.0" encoding="utf-8"?>
<Project ToolsVersion="4.0" xmlns="http://schemas.microsoft.com/developer/msbuild/2003">
  <ItemGroup>
    <ClCompile Include="src\Building.cpp" />
    <ClCompile Include="src\BuildingManager.cpp" />
    <ClCompile Include="src\CardManager.cpp" />
    <ClCompile Include="src\EventSystem.cpp" />
    <ClCompile Include="src\FileIOManager.cpp" />
    <ClCompile Include="src\GameObject.cpp" />
    <ClCompile Include="src\GridManager.cpp" />
    <ClCompile Include="src\InputManager.cpp" />
    <ClCompile Include="src\IsometricGrid.cpp" />
    <ClCompile Include="src\Main.cpp" />
    <ClCompile Include="src\PauseManager.cpp" />
    <ClCompile Include="src\RenderSystem.cpp" />
    <ClCompile Include="src\Scene.cpp" />
    <ClCompile Include="src\SceneGameLevel.cpp" />
    <ClCompile Include="src\SceneManager.cpp" />
    <ClCompile Include="src\SceneSplashscreen.cpp" />
    <ClCompile Include="src\UIManager.cpp" />
  </ItemGroup>
  <ItemGroup>
    <ClInclude Include="inc\Building.h" />
    <ClInclude Include="inc\BuildingManager.h" />
    <ClInclude Include="inc\ColorTable.h" />
    <ClInclude Include="inc\CardManager.h" />
    <ClInclude Include="inc\EventSystem.h" />
    <ClInclude Include="inc\FileIOManager.h" />
    <ClInclude Include="inc\GameObject.h" />
    <ClInclude Include="inc\GridManager.h" />
    <ClInclude Include="inc\InputManager.h" />
    <ClInclude Include="inc\IsometricGrid.h" />
    <ClInclude Include="inc\MomoMaths.h" />
    <ClInclude Include="inc\PauseManager.h" />
    <ClInclude Include="inc\RenderSystem.h" />
    <ClInclude Include="inc\Scene.h" />
    <ClInclude Include="inc\SceneGameLevel.h" />
    <ClInclude Include="inc\SceneManager.h" />
    <ClInclude Include="inc\SceneSplashscreen.h" />
    <ClInclude Include="inc\UIManager.h" />
  </ItemGroup>
</Project>