<?xml version="1.0" encoding="utf-8"?>
<Project ToolsVersion="4.0" xmlns="http://schemas.microsoft.com/developer/msbuild/2003">
  <ItemGroup>
    <ClCompile Include="src\Main.cpp">
      <Filter>src</Filter>
    </ClCompile>
    <ClCompile Include="src\BuildingManager.cpp">
      <Filter>src\Managers</Filter>
    </ClCompile>
    <ClCompile Include="src\CardManager.cpp">
      <Filter>src\Managers</Filter>
    </ClCompile>
    <ClCompile Include="src\FileIOManager.cpp">
      <Filter>src\Managers</Filter>
    </ClCompile>
    <ClCompile Include="src\GridManager.cpp">
      <Filter>src\Managers</Filter>
    </ClCompile>
    <ClCompile Include="src\InputManager.cpp">
      <Filter>src\Managers</Filter>
    </ClCompile>
    <ClCompile Include="src\PauseManager.cpp">
      <Filter>src\Managers</Filter>
    </ClCompile>
    <ClCompile Include="src\SceneManager.cpp">
      <Filter>src\Managers</Filter>
    </ClCompile>
    <ClCompile Include="src\UIManager.cpp">
      <Filter>src\Managers</Filter>
    </ClCompile>
    <ClCompile Include="src\SceneSplashscreen.cpp">
      <Filter>src\Scene</Filter>
    </ClCompile>
    <ClCompile Include="src\SceneGameLevel.cpp">
      <Filter>src\Scene</Filter>
    </ClCompile>
    <ClCompile Include="src\Scene.cpp">
      <Filter>src\Scene</Filter>
    </ClCompile>
    <ClCompile Include="src\Building.cpp">
      <Filter>src\GameObjects</Filter>
    </ClCompile>
    <ClCompile Include="src\RenderSystem.cpp">
      <Filter>src\Systems</Filter>
    </ClCompile>
    <ClCompile Include="src\TextureManager.cpp">
      <Filter>src\Managers</Filter>
    </ClCompile>
    <ClCompile Include="src\ScoreManager.cpp">
      <Filter>src\Managers</Filter>
    </ClCompile>
    <ClCompile Include="src\FontManager.cpp">
      <Filter>src\Managers</Filter>
    </ClCompile>
    <ClCompile Include="src\SceneMainMenu.cpp">
      <Filter>src\Scene</Filter>
    </ClCompile>
    <ClCompile Include="src\SceneLevelEditor.cpp">
      <Filter>src\Scene</Filter>
    </ClCompile>
    <ClCompile Include="src\SceneTutorial.cpp">
      <Filter>src\Scene</Filter>
    </ClCompile>
  </ItemGroup>
  <ItemGroup>
    <ClInclude Include="inc\BuildingManager.h">
      <Filter>inc\Managers</Filter>
    </ClInclude>
    <ClInclude Include="inc\FileIOManager.h">
      <Filter>inc\Managers</Filter>
    </ClInclude>
    <ClInclude Include="inc\GridManager.h">
      <Filter>inc\Managers</Filter>
    </ClInclude>
    <ClInclude Include="inc\InputManager.h">
      <Filter>inc\Managers</Filter>
    </ClInclude>
    <ClInclude Include="inc\CardManager.h">
      <Filter>inc\Managers</Filter>
    </ClInclude>
    <ClInclude Include="inc\PauseManager.h">
      <Filter>inc\Managers</Filter>
    </ClInclude>
    <ClInclude Include="inc\SceneManager.h">
      <Filter>inc\Managers</Filter>
    </ClInclude>
    <ClInclude Include="inc\UIManager.h">
      <Filter>inc\Managers</Filter>
    </ClInclude>
    <ClInclude Include="inc\Scene.h">
      <Filter>inc\Scene</Filter>
    </ClInclude>
    <ClInclude Include="inc\SceneGameLevel.h">
      <Filter>inc\Scene</Filter>
    </ClInclude>
    <ClInclude Include="inc\SceneSplashscreen.h">
      <Filter>inc\Scene</Filter>
    </ClInclude>
    <ClInclude Include="inc\Building.h">
      <Filter>inc\GameObjects</Filter>
    </ClInclude>
    <ClInclude Include="inc\MomoMaths.h">
      <Filter>inc\Systems</Filter>
    </ClInclude>
    <ClInclude Include="inc\EventSystem.h">
      <Filter>inc\Systems</Filter>
    </ClInclude>
    <ClInclude Include="inc\RenderSystem.h">
      <Filter>inc\Systems</Filter>
    </ClInclude>
    <ClInclude Include="inc\ColorTable.h">
      <Filter>inc\Systems</Filter>
    </ClInclude>
    <ClInclude Include="inc\Card.h">
      <Filter>inc\GameObjects</Filter>
    </ClInclude>
    <ClInclude Include="inc\TextureManager.h">
      <Filter>inc\Managers</Filter>
    </ClInclude>
    <ClInclude Include="inc\ScoreManager.h">
      <Filter>inc\Managers</Filter>
    </ClInclude>
    <ClInclude Include="inc\FontManager.h">
      <Filter>inc\Managers</Filter>
    </ClInclude>
    <ClInclude Include="inc\SceneMainMenu.h">
      <Filter>inc\Scene</Filter>
    </ClInclude>
    <ClInclude Include="inc\SceneTutorial.h">
      <Filter>inc\Scene</Filter>
    </ClInclude>
    <ClInclude Include="inc\SceneLevelEditor.h">
      <Filter>inc\Scene</Filter>
    </ClInclude>
  </ItemGroup>
  <ItemGroup>
    <Filter Include="src">
      <UniqueIdentifier>{9ee00c49-ebb8-4510-85c6-6ee1dc97709c}</UniqueIdentifier>
    </Filter>
    <Filter Include="inc">
      <UniqueIdentifier>{2eb5ea4a-8a16-4e40-89a7-d7c4bc2db158}</UniqueIdentifier>
    </Filter>
    <Filter Include="inc\Managers">
      <UniqueIdentifier>{99f579a2-bd5a-439f-8f6d-554fc02b558e}</UniqueIdentifier>
    </Filter>
    <Filter Include="src\Managers">
      <UniqueIdentifier>{7e2d19ac-05eb-493f-a697-4f81cb765fa1}</UniqueIdentifier>
    </Filter>
    <Filter Include="src\Scene">
      <UniqueIdentifier>{11d59593-2fb6-4a7e-9a1e-f218a80b3aad}</UniqueIdentifier>
    </Filter>
    <Filter Include="inc\Scene">
      <UniqueIdentifier>{191f3e6c-4c1b-4d9e-b2a0-8c158399cb49}</UniqueIdentifier>
    </Filter>
    <Filter Include="inc\Systems">
      <UniqueIdentifier>{41a7913c-be16-447b-a5df-2ba4f53c659d}</UniqueIdentifier>
    </Filter>
    <Filter Include="inc\GameObjects">
      <UniqueIdentifier>{af4cf061-f94a-400a-928b-07ca3c44dd8c}</UniqueIdentifier>
    </Filter>
    <Filter Include="src\GameObjects">
      <UniqueIdentifier>{19f53659-362c-4724-9639-836fb7f3a455}</UniqueIdentifier>
    </Filter>
    <Filter Include="src\Systems">
      <UniqueIdentifier>{bbd48993-a36f-43ef-8905-c4217b241c98}</UniqueIdentifier>
    </Filter>
  </ItemGroup>
</Project>